
Microsoft Visual Studio Solution File, Format Version 12.00
# Visual Studio 15
VisualStudioVersion = 15.0.27130.2010
MinimumVisualStudioVersion = 10.0.40219.1
Project("{8BC9CEB8-8B4A-11D0-8D11-00A0C91BC942}") = "test", "vc15\test.vcxproj", "{F6FC6BEC-9D80-4FB2-9AF0-492F55AEA518}"
EndProject
Global
	GlobalSection(SolutionConfigurationPlatforms) = preSolution
		Debug C++14 Permissive-|Win32 = Debug C++14 Permissive-|Win32
		Debug C++14 Permissive-|x64 = Debug C++14 Permissive-|x64
		Debug C++14 Permissive+|Win32 = Debug C++14 Permissive+|Win32
		Debug C++14 Permissive+|x64 = Debug C++14 Permissive+|x64
		Debug C++17 Permissive-|Win32 = Debug C++17 Permissive-|Win32
		Debug C++17 Permissive-|x64 = Debug C++17 Permissive-|x64
		Debug C++17 Permissive+|Win32 = Debug C++17 Permissive+|Win32
		Debug C++17 Permissive+|x64 = Debug C++17 Permissive+|x64
		Debug C++Latest Permissive-|Win32 = Debug C++Latest Permissive-|Win32
		Debug C++Latest Permissive-|x64 = Debug C++Latest Permissive-|x64
		Debug C++Latest Permissive+|Win32 = Debug C++Latest Permissive+|Win32
		Debug C++Latest Permissive+|x64 = Debug C++Latest Permissive+|x64
		Release C++14 Permissive-|Win32 = Release C++14 Permissive-|Win32
		Release C++14 Permissive-|x64 = Release C++14 Permissive-|x64
		Release C++14 Permissive+|Win32 = Release C++14 Permissive+|Win32
		Release C++14 Permissive+|x64 = Release C++14 Permissive+|x64
		Release C++17 Permissive-|Win32 = Release C++17 Permissive-|Win32
		Release C++17 Permissive-|x64 = Release C++17 Permissive-|x64
		Release C++17 Permissive+|Win32 = Release C++17 Permissive+|Win32
		Release C++17 Permissive+|x64 = Release C++17 Permissive+|x64
		Release C++Latest Permissive-|Win32 = Release C++Latest Permissive-|Win32
		Release C++Latest Permissive-|x64 = Release C++Latest Permissive-|x64
		Release C++Latest Permissive+|Win32 = Release C++Latest Permissive+|Win32
		Release C++Latest Permissive+|x64 = Release C++Latest Permissive+|x64
	EndGlobalSection
	GlobalSection(ProjectConfigurationPlatforms) = postSolution
		{F6FC6BEC-9D80-4FB2-9AF0-492F55AEA518}.Debug C++14 Permissive-|Win32.ActiveCfg = Debug C++14 Permissive-|Win32
		{F6FC6BEC-9D80-4FB2-9AF0-492F55AEA518}.Debug C++14 Permissive-|Win32.Build.0 = Debug C++14 Permissive-|Win32
		{F6FC6BEC-9D80-4FB2-9AF0-492F55AEA518}.Debug C++14 Permissive-|x64.ActiveCfg = Debug C++14 Permissive-|x64
		{F6FC6BEC-9D80-4FB2-9AF0-492F55AEA518}.Debug C++14 Permissive-|x64.Build.0 = Debug C++14 Permissive-|x64
		{F6FC6BEC-9D80-4FB2-9AF0-492F55AEA518}.Debug C++14 Permissive+|Win32.ActiveCfg = Debug C++14 Permissive+|Win32
		{F6FC6BEC-9D80-4FB2-9AF0-492F55AEA518}.Debug C++14 Permissive+|Win32.Build.0 = Debug C++14 Permissive+|Win32
		{F6FC6BEC-9D80-4FB2-9AF0-492F55AEA518}.Debug C++14 Permissive+|x64.ActiveCfg = Debug C++14 Permissive+|x64
		{F6FC6BEC-9D80-4FB2-9AF0-492F55AEA518}.Debug C++14 Permissive+|x64.Build.0 = Debug C++14 Permissive+|x64
		{F6FC6BEC-9D80-4FB2-9AF0-492F55AEA518}.Debug C++17 Permissive-|Win32.ActiveCfg = Debug C++17 Permissive-|Win32
		{F6FC6BEC-9D80-4FB2-9AF0-492F55AEA518}.Debug C++17 Permissive-|Win32.Build.0 = Debug C++17 Permissive-|Win32
		{F6FC6BEC-9D80-4FB2-9AF0-492F55AEA518}.Debug C++17 Permissive-|x64.ActiveCfg = Debug C++17 Permissive-|x64
		{F6FC6BEC-9D80-4FB2-9AF0-492F55AEA518}.Debug C++17 Permissive-|x64.Build.0 = Debug C++17 Permissive-|x64
		{F6FC6BEC-9D80-4FB2-9AF0-492F55AEA518}.Debug C++17 Permissive+|Win32.ActiveCfg = Debug C++17 Permissive+|Win32
		{F6FC6BEC-9D80-4FB2-9AF0-492F55AEA518}.Debug C++17 Permissive+|Win32.Build.0 = Debug C++17 Permissive+|Win32
		{F6FC6BEC-9D80-4FB2-9AF0-492F55AEA518}.Debug C++17 Permissive+|x64.ActiveCfg = Debug C++17 Permissive+|x64
		{F6FC6BEC-9D80-4FB2-9AF0-492F55AEA518}.Debug C++17 Permissive+|x64.Build.0 = Debug C++17 Permissive+|x64
		{F6FC6BEC-9D80-4FB2-9AF0-492F55AEA518}.Debug C++Latest Permissive-|Win32.ActiveCfg = Debug C++Latest Permissive-|Win32
		{F6FC6BEC-9D80-4FB2-9AF0-492F55AEA518}.Debug C++Latest Permissive-|Win32.Build.0 = Debug C++Latest Permissive-|Win32
		{F6FC6BEC-9D80-4FB2-9AF0-492F55AEA518}.Debug C++Latest Permissive-|x64.ActiveCfg = Debug C++Latest Permissive-|x64
		{F6FC6BEC-9D80-4FB2-9AF0-492F55AEA518}.Debug C++Latest Permissive-|x64.Build.0 = Debug C++Latest Permissive-|x64
		{F6FC6BEC-9D80-4FB2-9AF0-492F55AEA518}.Debug C++Latest Permissive+|Win32.ActiveCfg = Debug C++Latest Permissive+|Win32
		{F6FC6BEC-9D80-4FB2-9AF0-492F55AEA518}.Debug C++Latest Permissive+|Win32.Build.0 = Debug C++Latest Permissive+|Win32
		{F6FC6BEC-9D80-4FB2-9AF0-492F55AEA518}.Debug C++Latest Permissive+|x64.ActiveCfg = Debug C++Latest Permissive+|x64
		{F6FC6BEC-9D80-4FB2-9AF0-492F55AEA518}.Debug C++Latest Permissive+|x64.Build.0 = Debug C++Latest Permissive+|x64
		{F6FC6BEC-9D80-4FB2-9AF0-492F55AEA518}.Release C++14 Permissive-|Win32.ActiveCfg = Release C++14 Permissive-|Win32
		{F6FC6BEC-9D80-4FB2-9AF0-492F55AEA518}.Release C++14 Permissive-|Win32.Build.0 = Release C++14 Permissive-|Win32
		{F6FC6BEC-9D80-4FB2-9AF0-492F55AEA518}.Release C++14 Permissive-|x64.ActiveCfg = Release C++14 Permissive-|x64
		{F6FC6BEC-9D80-4FB2-9AF0-492F55AEA518}.Release C++14 Permissive-|x64.Build.0 = Release C++14 Permissive-|x64
		{F6FC6BEC-9D80-4FB2-9AF0-492F55AEA518}.Release C++14 Permissive+|Win32.ActiveCfg = Release C++14 Permissive+|Win32
		{F6FC6BEC-9D80-4FB2-9AF0-492F55AEA518}.Release C++14 Permissive+|Win32.Build.0 = Release C++14 Permissive+|Win32
		{F6FC6BEC-9D80-4FB2-9AF0-492F55AEA518}.Release C++14 Permissive+|x64.ActiveCfg = Release C++14 Permissive+|x64
		{F6FC6BEC-9D80-4FB2-9AF0-492F55AEA518}.Release C++14 Permissive+|x64.Build.0 = Release C++14 Permissive+|x64
		{F6FC6BEC-9D80-4FB2-9AF0-492F55AEA518}.Release C++17 Permissive-|Win32.ActiveCfg = Release C++17 Permissive-|Win32
		{F6FC6BEC-9D80-4FB2-9AF0-492F55AEA518}.Release C++17 Permissive-|Win32.Build.0 = Release C++17 Permissive-|Win32
		{F6FC6BEC-9D80-4FB2-9AF0-492F55AEA518}.Release C++17 Permissive-|x64.ActiveCfg = Release C++17 Permissive-|x64
		{F6FC6BEC-9D80-4FB2-9AF0-492F55AEA518}.Release C++17 Permissive-|x64.Build.0 = Release C++17 Permissive-|x64
		{F6FC6BEC-9D80-4FB2-9AF0-492F55AEA518}.Release C++17 Permissive+|Win32.ActiveCfg = Release C++17 Permissive+|Win32
		{F6FC6BEC-9D80-4FB2-9AF0-492F55AEA518}.Release C++17 Permissive+|Win32.Build.0 = Release C++17 Permissive+|Win32
		{F6FC6BEC-9D80-4FB2-9AF0-492F55AEA518}.Release C++17 Permissive+|x64.ActiveCfg = Release C++17 Permissive+|x64
		{F6FC6BEC-9D80-4FB2-9AF0-492F55AEA518}.Release C++17 Permissive+|x64.Build.0 = Release C++17 Permissive+|x64
		{F6FC6BEC-9D80-4FB2-9AF0-492F55AEA518}.Release C++Latest Permissive-|Win32.ActiveCfg = Release C++Latest Permissive-|Win32
		{F6FC6BEC-9D80-4FB2-9AF0-492F55AEA518}.Release C++Latest Permissive-|Win32.Build.0 = Release C++Latest Permissive-|Win32
		{F6FC6BEC-9D80-4FB2-9AF0-492F55AEA518}.Release C++Latest Permissive-|x64.ActiveCfg = Release C++Latest Permissive-|x64
		{F6FC6BEC-9D80-4FB2-9AF0-492F55AEA518}.Release C++Latest Permissive-|x64.Build.0 = Release C++Latest Permissive-|x64
		{F6FC6BEC-9D80-4FB2-9AF0-492F55AEA518}.Release C++Latest Permissive+|Win32.ActiveCfg = Release C++Latest Permissive+|Win32
		{F6FC6BEC-9D80-4FB2-9AF0-492F55AEA518}.Release C++Latest Permissive+|Win32.Build.0 = Release C++Latest Permissive+|Win32
		{F6FC6BEC-9D80-4FB2-9AF0-492F55AEA518}.Release C++Latest Permissive+|x64.ActiveCfg = Release C++Latest Permissive+|x64
		{F6FC6BEC-9D80-4FB2-9AF0-492F55AEA518}.Release C++Latest Permissive+|x64.Build.0 = Release C++Latest Permissive+|x64
	EndGlobalSection
	GlobalSection(SolutionProperties) = preSolution
		HideSolutionNode = FALSE
	EndGlobalSection
	GlobalSection(ExtensibilityGlobals) = postSolution
		SolutionGuid = {34E7F67D-3EDF-4C4F-895E-3AF57BBE3D0A}
	EndGlobalSection
EndGlobal
